
Microsoft Visual Studio Solution File, Format Version 12.00
# Visual Studio 15
VisualStudioVersion = 15.0.28307.421
MinimumVisualStudioVersion = 10.0.40219.1
Project("{FAE04EC0-301F-11D3-BF4B-00C04F79EFBC}") = "TipCalculator", "TipCalculator\TipCalculator.csproj", "{D2AF0192-A891-4421-93CB-8BC5251F6817}"
EndProject
Global
	GlobalSection(SolutionConfigurationPlatforms) = preSolution
		Debug|Any CPU = Debug|Any CPU
		Release|Any CPU = Release|Any CPU
	EndGlobalSection
	GlobalSection(ProjectConfigurationPlatforms) = postSolution
		{D2AF0192-A891-4421-93CB-8BC5251F6817}.Debug|Any CPU.ActiveCfg = Debug|Any CPU
		{D2AF0192-A891-4421-93CB-8BC5251F6817}.Debug|Any CPU.Build.0 = Debug|Any CPU
		{D2AF0192-A891-4421-93CB-8BC5251F6817}.Release|Any CPU.ActiveCfg = Release|Any CPU
		{D2AF0192-A891-4421-93CB-8BC5251F6817}.Release|Any CPU.Build.0 = Release|Any CPU
	EndGlobalSection
	GlobalSection(SolutionProperties) = preSolution
		HideSolutionNode = FALSE
	EndGlobalSection
	GlobalSection(ExtensibilityGlobals) = postSolution
		SolutionGuid = {0EEB6B9E-3C3A-4BA8-976D-83E9D5945E01}
	EndGlobalSection
EndGlobal
